{
	"name": "a_2_z_hackathon_github_extension_function",
	"version": "1.0.0",
	"lockfileVersion": 2,
	"requires": true,
	"packages": {
		"": {
			"name": "a_2_z_hackathon_github_extension_function",
			"version": "1.0.0",
			"dependencies": {
				"zcatalyst-sdk-node": "latest"
			}
		},
		"node_modules/zcatalyst-sdk-node": {
			"version": "2.2.0",
			"resolved": "https://registry.npmjs.org/zcatalyst-sdk-node/-/zcatalyst-sdk-node-2.2.0.tgz",
			"integrity": "sha512-o+O2p9G1N4zNS+vgG7YkfDkjPpjtPzkNSUcqc7PEHGMBK9aGws296UaGEVhfl963A+n0ULWe6SNws+tS2xHKDA==",
			"engines": {
				"node": ">=10.0.0"
			}
		}
	},
	"dependencies": {
		"zcatalyst-sdk-node": {
			"version": "2.2.0",
			"resolved": "https://registry.npmjs.org/zcatalyst-sdk-node/-/zcatalyst-sdk-node-2.2.0.tgz",
			"integrity": "sha512-o+O2p9G1N4zNS+vgG7YkfDkjPpjtPzkNSUcqc7PEHGMBK9aGws296UaGEVhfl963A+n0ULWe6SNws+tS2xHKDA=="
		}
	}
}
